PODS:
  - Flutter (1.0.0)
  - flutter_app_update (0.0.1):
    - Flutter

DEPENDENCIES:
  - Flutter (from `Flutter`)
  - flutter_app_update (from `.symlinks/plugins/flutter_app_update/ios`)

EXTERNAL SOURCES:
  Flutter:
    :path: Flutter
  flutter_app_update:
    :path: ".symlinks/plugins/flutter_app_update/ios"

SPEC CHECKSUMS:
  Flutter: e0871f40cf51350855a761d2e70bf5af5b9b5de7
  flutter_app_update: 65f61da626cb111d1b24674abc4b01728d7723bc

PODFILE CHECKSUM: 1a782344d33c12ced0182eeab11e8668d253eb48

COCOAPODS: 1.16.2
